# This file was autogenerated by Stack.
# You should not edit this file by hand.
# For more information, please see the documentation at:
#   https://docs.haskellstack.org/en/stable/lock_files

packages:
- completed:
    hackage: fastsum-0.1.1.1@sha256:984ce99c8c153f31bffe03af6cc0599818878d62e9dae6ecb26b6623c92d6cec,2325
    pantry-tree:
      size: 431
      sha256: 1c89d4034e6d06e15ff0ec421a95206c030ddc2d35b9eee7f0a02aa30c6051c1
  original:
    hackage: fastsum-0.1.1.1
- completed:
    hackage: smash-0.1.0.0@sha256:537cacd049f2522f5196c78662b23aba2ccc3700e1a28a4badea4b7f2a48c350,1960
    pantry-tree:
      size: 479
      sha256: d305df57f87da06367d6b76a1943b728dfa871a2ec121ccab6056745ccb8c9b7
  original:
    hackage: smash-0.1.0.0
snapshots:
- completed:
    size: 523878
    url: https://raw.githubusercontent.com/commercialhaskell/stackage-snapshots/master/lts/14/3.yaml
    sha256: 470c46c27746a48c7c50f829efc0cf00112787a7804ee4ac7a27754658f6d92c
  original: lts-14.3
